// !$*UTF8*$!
{
	archiveVersion = 1;
	classes = {
	};
	objectVersion = 46;
	objects = {

/* Begin PBXBuildFile section */
		A86F86E51FB3B827006B388E /* AppDelegate.swift in Sources */ = {isa = PBXBuildFile; fileRef = A86F86E41FB3B827006B388E /* AppDelegate.swift */; };
		A86F86E71FB3B827006B388E /* ViewController.swift in Sources */ = {isa = PBXBuildFile; fileRef = A86F86E61FB3B827006B388E /* ViewController.swift */; };
		A86F86EA1FB3B827006B388E /* Main.storyboard in Resources */ = {isa = PBXBuildFile; fileRef = A86F86E81FB3B827006B388E /* Main.storyboard */; };
		A86F86EC1FB3B827006B388E /* Assets.xcassets in Resources */ = {isa = PBXBuildFile; fileRef = A86F86EB1FB3B827006B388E /* Assets.xcassets */; };
		A86F86EF1FB3B827006B388E /* LaunchScreen.storyboard in Resources */ = {isa = PBXBuildFile; fileRef = A86F86ED1FB3B827006B388E /* LaunchScreen.storyboard */; };
		A86F86FA1FB3B827006B388E /* app04Tests.swift in Sources */ = {isa = PBXBuildFile; fileRef = A86F86F91FB3B827006B388E /* app04Tests.swift */; };
		A86F87051FB3B827006B388E /* app04UITests.swift in Sources */ = {isa = PBXBuildFile; fileRef = A86F87041FB3B827006B388E /* app04UITests.swift */; };
		A86F87131FB3BA03006B388E /* Model.swift in Sources */ = {isa = PBXBuildFile; fileRef = A86F87121FB3BA03006B388E /* Model.swift */; };
		A86F87151FB3BC83006B388E /* UDLAPStringArrayFile.swift in Sources */ = {isa = PBXBuildFile; fileRef = A86F87141FB3BC83006B388E /* UDLAPStringArrayFile.swift */; };
		A88BF2391FB65DE600176E67 /* MyTableViewDataSource.swift in Sources */ = {isa = PBXBuildFile; fileRef = A88BF2381FB65DE600176E67 /* MyTableViewDataSource.swift */; };
/* End PBXBuildFile section */

/* Begin PBXContainerItemProxy section */
		A86F86F61FB3B827006B388E /* PBXContainerItemProxy */ = {
			isa = PBXContainerItemProxy;
			containerPortal = A86F86D91FB3B827006B388E /* Project object */;
			proxyType = 1;
			remoteGlobalIDString = A86F86E01FB3B827006B388E;
			remoteInfo = app04;
		};
		A86F87011FB3B827006B388E /* PBXContainerItemProxy */ = {
			isa = PBXContainerItemProxy;
			containerPortal = A86F86D91FB3B827006B388E /* Project object */;
			proxyType = 1;
			remoteGlobalIDString = A86F86E01FB3B827006B388E;
			remoteInfo = app04;
		};
/* End PBXContainerItemProxy section */

/* Begin PBXFileReference section */
		A86F86E11FB3B827006B388E /* app04.app */ = {isa = PBXFileReference; explicitFileType = wrapper.application; includeInIndex = 0; path = app04.app; sourceTree = BUILT_PRODUCTS_DIR; };
		A86F86E41FB3B827006B388E /* AppDelegate.swift */ = {isa = PBXFileReference; lastKnownFileType = sourcecode.swift; path = AppDelegate.swift; sourceTree = "<group>"; };
		A86F86E61FB3B827006B388E /* ViewController.swift */ = {isa = PBXFileReference; lastKnownFileType = sourcecode.swift; path = ViewController.swift; sourceTree = "<group>"; };
		A86F86E91FB3B827006B388E /* Base */ = {isa = PBXFileReference; lastKnownFileType = file.storyboard; name = Base; path = Base.lproj/Main.storyboard; sourceTree = "<group>"; };
		A86F86EB1FB3B827006B388E /* Assets.xcassets */ = {isa = PBXFileReference; lastKnownFileType = folder.assetcatalog; path = Assets.xcassets; sourceTree = "<group>"; };
		A86F86EE1FB3B827006B388E /* Base */ = {isa = PBXFileReference; lastKnownFileType = file.storyboard; name = Base; path = Base.lproj/LaunchScreen.storyboard; sourceTree = "<group>"; };
		A86F86F01FB3B827006B388E /* Info.plist */ = {isa = PBXFileReference; lastKnownFileType = text.plist.xml; path = Info.plist; sourceTree = "<group>"; };
		A86F86F51FB3B827006B388E /* app04Tests.xctest */ = {isa = PBXFileReference; explicitFileType = wrapper.cfbundle; includeInIndex = 0; path = app04Tests.xctest; sourceTree = BUILT_PRODUCTS_DIR; };
		A86F86F91FB3B827006B388E /* app04Tests.swift */ = {isa = PBXFileReference; lastKnownFileType = sourcecode.swift; path = app04Tests.swift; sourceTree = "<group>"; };
		A86F86FB1FB3B827006B388E /* Info.plist */ = {isa = PBXFileReference; lastKnownFileType = text.plist.xml; path = Info.plist; sourceTree = "<group>"; };
		A86F87001FB3B827006B388E /* app04UITests.xctest */ = {isa = PBXFileReference; explicitFileType = wrapper.cfbundle; includeInIndex = 0; path = app04UITests.xctest; sourceTree = BUILT_PRODUCTS_DIR; };
		A86F87041FB3B827006B388E /* app04UITests.swift */ = {isa = PBXFileReference; lastKnownFileType = sourcecode.swift; path = app04UITests.swift; sourceTree = "<group>"; };
		A86F87061FB3B827006B388E /* Info.plist */ = {isa = PBXFileReference; lastKnownFileType = text.plist.xml; path = Info.plist; sourceTree = "<group>"; };
		A86F87121FB3BA03006B388E /* Model.swift */ = {isa = PBXFileReference; fileEncoding = 4; lastKnownFileType = sourcecode.swift; path = Model.swift; sourceTree = "<group>"; };
		A86F87141FB3BC83006B388E /* UDLAPStringArrayFile.swift */ = {isa = PBXFileReference; fileEncoding = 4; lastKnownFileType = sourcecode.swift; path = UDLAPStringArrayFile.swift; sourceTree = "<group>"; };
		A88BF2381FB65DE600176E67 /* MyTableViewDataSource.swift */ = {isa = PBXFileReference; fileEncoding = 4; lastKnownFileType = sourcecode.swift; path = MyTableViewDataSource.swift; sourceTree = "<group>"; };
/* End PBXFileReference section */

/* Begin PBXFrameworksBuildPhase section */
		A86F86DE1FB3B827006B388E /* Frameworks */ = {
			isa = PBXFrameworksBuildPhase;
			buildActionMask = 2147483647;
			files = (
			);
			runOnlyForDeploymentPostprocessing = 0;
		};
		A86F86F21FB3B827006B388E /* Frameworks */ = {
			isa = PBXFrameworksBuildPhase;
			buildActionMask = 2147483647;
			files = (
			);
			runOnlyForDeploymentPostprocessing = 0;
		};
		A86F86FD1FB3B827006B388E /* Frameworks */ = {
			isa = PBXFrameworksBuildPhase;
			buildActionMask = 2147483647;
			files = (
			);
			runOnlyForDeploymentPostprocessing = 0;
		};
/* End PBXFrameworksBuildPhase section */

/* Begin PBXGroup section */
		A86F86D81FB3B827006B388E = {
			isa = PBXGroup;
			children = (
				A86F86E31FB3B827006B388E /* app04 */,
				A86F86F81FB3B827006B388E /* app04Tests */,
				A86F87031FB3B827006B388E /* app04UITests */,
				A86F86E21FB3B827006B388E /* Products */,
			);
			sourceTree = "<group>";
		};
		A86F86E21FB3B827006B388E /* Products */ = {
			isa = PBXGroup;
			children = (
				A86F86E11FB3B827006B388E /* app04.app */,
				A86F86F51FB3B827006B388E /* app04Tests.xctest */,
				A86F87001FB3B827006B388E /* app04UITests.xctest */,
			);
			name = Products;
			sourceTree = "<group>";
		};
		A86F86E31FB3B827006B388E /* app04 */ = {
			isa = PBXGroup;
			children = (
				A86F86E41FB3B827006B388E /* AppDelegate.swift */,
				A86F86E61FB3B827006B388E /* ViewController.swift */,
				A86F86E81FB3B827006B388E /* Main.storyboard */,
				A86F86EB1FB3B827006B388E /* Assets.xcassets */,
				A86F86ED1FB3B827006B388E /* LaunchScreen.storyboard */,
				A86F86F01FB3B827006B388E /* Info.plist */,
				A86F87121FB3BA03006B388E /* Model.swift */,
				A86F87141FB3BC83006B388E /* UDLAPStringArrayFile.swift */,
				A88BF2381FB65DE600176E67 /* MyTableViewDataSource.swift */,
			);
			path = app04;
			sourceTree = "<group>";
		};
		A86F86F81FB3B827006B388E /* app04Tests */ = {
			isa = PBXGroup;
			children = (
				A86F86F91FB3B827006B388E /* app04Tests.swift */,
				A86F86FB1FB3B827006B388E /* Info.plist */,
			);
			path = app04Tests;
			sourceTree = "<group>";
		};
		A86F87031FB3B827006B388E /* app04UITests */ = {
			isa = PBXGroup;
			children = (
				A86F87041FB3B827006B388E /* app04UITests.swift */,
				A86F87061FB3B827006B388E /* Info.plist */,
			);
			path = app04UITests;
			sourceTree = "<group>";
		};
/* End PBXGroup section */

/* Begin PBXNativeTarget section */
		A86F86E01FB3B827006B388E /* app04 */ = {
			isa = PBXNativeTarget;
			buildConfigurationList = A86F87091FB3B827006B388E /* Build configuration list for PBXNativeTarget "app04" */;
			buildPhases = (
				A86F86DD1FB3B827006B388E /* Sources */,
				A86F86DE1FB3B827006B388E /* Frameworks */,
				A86F86DF1FB3B827006B388E /* Resources */,
			);
			buildRules = (
			);
			dependencies = (
			);
			name = app04;
			productName = app04;
			productReference = A86F86E11FB3B827006B388E /* app04.app */;
			productType = "com.apple.product-type.application";
		};
		A86F86F41FB3B827006B388E /* app04Tests */ = {
			isa = PBXNativeTarget;
			buildConfigurationList = A86F870C1FB3B827006B388E /* Build configuration list for PBXNativeTarget "app04Tests" */;
			buildPhases = (
				A86F86F11FB3B827006B388E /* Sources */,
				A86F86F21FB3B827006B388E /* Frameworks */,
				A86F86F31FB3B827006B388E /* Resources */,
			);
			buildRules = (
			);
			dependencies = (
				A86F86F71FB3B827006B388E /* PBXTargetDependency */,
			);
			name = app04Tests;
			productName = app04Tests;
			productReference = A86F86F51FB3B827006B388E /* app04Tests.xctest */;
			productType = "com.apple.product-type.bundle.unit-test";
		};
		A86F86FF1FB3B827006B388E /* app04UITests */ = {
			isa = PBXNativeTarget;
			buildConfigurationList = A86F870F1FB3B827006B388E /* Build configuration list for PBXNativeTarget "app04UITests" */;
			buildPhases = (
				A86F86FC1FB3B827006B388E /* Sources */,
				A86F86FD1FB3B827006B388E /* Frameworks */,
				A86F86FE1FB3B827006B388E /* Resources */,
			);
			buildRules = (
			);
			dependencies = (
				A86F87021FB3B827006B388E /* PBXTargetDependency */,
			);
			name = app04UITests;
			productName = app04UITests;
			productReference = A86F87001FB3B827006B388E /* app04UITests.xctest */;
			productType = "com.apple.product-type.bundle.ui-testing";
		};
/* End PBXNativeTarget section */

/* Begin PBXProject section */
		A86F86D91FB3B827006B388E /* Project object */ = {
			isa = PBXProject;
			attributes = {
				LastSwiftUpdateCheck = 0830;
				LastUpgradeCheck = 0830;
				ORGANIZATIONNAME = UDLAP;
				TargetAttributes = {
					A86F86E01FB3B827006B388E = {
						CreatedOnToolsVersion = 8.3.2;
						ProvisioningStyle = Automatic;
					};
					A86F86F41FB3B827006B388E = {
						CreatedOnToolsVersion = 8.3.2;
						ProvisioningStyle = Automatic;
						TestTargetID = A86F86E01FB3B827006B388E;
					};
					A86F86FF1FB3B827006B388E = {
						CreatedOnToolsVersion = 8.3.2;
						ProvisioningStyle = Automatic;
						TestTargetID = A86F86E01FB3B827006B388E;
					};
				};
			};
			buildConfigurationList = A86F86DC1FB3B827006B388E /* Build configuration list for PBXProject "app04" */;
			compatibilityVersion = "Xcode 3.2";
			developmentRegion = English;
			hasScannedForEncodings = 0;
			knownRegions = (
				en,
				Base,
			);
			mainGroup = A86F86D81FB3B827006B388E;
			productRefGroup = A86F86E21FB3B827006B388E /* Products */;
			projectDirPath = "";
			projectRoot = "";
			targets = (
				A86F86E01FB3B827006B388E /* app04 */,
				A86F86F41FB3B827006B388E /* app04Tests */,
				A86F86FF1FB3B827006B388E /* app04UITests */,
			);
		};
/* End PBXProject section */

/* Begin PBXResourcesBuildPhase section */
		A86F86DF1FB3B827006B388E /* Resources */ = {
			isa = PBXResourcesBuildPhase;
			buildActionMask = 2147483647;
			files = (
				A86F86EF1FB3B827006B388E /* LaunchScreen.storyboard in Resources */,
				A86F86EC1FB3B827006B388E /* Assets.xcassets in Resources */,
				A86F86EA1FB3B827006B388E /* Main.storyboard in Resources */,
			);
			runOnlyForDeploymentPostprocessing = 0;
		};
		A86F86F31FB3B827006B388E /* Resources */ = {
			isa = PBXResourcesBuildPhase;
			buildActionMask = 2147483647;
			files = (
			);
			runOnlyForDeploymentPostprocessing = 0;
		};
		A86F86FE1FB3B827006B388E /* Resources */ = {
			isa = PBXResourcesBuildPhase;
			buildActionMask = 2147483647;
			files = (
			);
			runOnlyForDeploymentPostprocessing = 0;
		};
/* End PBXResourcesBuildPhase section */

/* Begin PBXSourcesBuildPhase section */
		A86F86DD1FB3B827006B388E /* Sources */ = {
			isa = PBXSourcesBuildPhase;
			buildActionMask = 2147483647;
			files = (
				A86F87131FB3BA03006B388E /* Model.swift in Sources */,
				A86F87151FB3BC83006B388E /* UDLAPStringArrayFile.swift in Sources */,
				A86F86E71FB3B827006B388E /* ViewController.swift in Sources */,
				A86F86E51FB3B827006B388E /* AppDelegate.swift in Sources */,
				A88BF2391FB65DE600176E67 /* MyTableViewDataSource.swift in Sources */,
			);
			runOnlyForDeploymentPostprocessing = 0;
		};
		A86F86F11FB3B827006B388E /* Sources */ = {
			isa = PBXSourcesBuildPhase;
			buildActionMask = 2147483647;
			files = (
				A86F86FA1FB3B827006B388E /* app04Tests.swift in Sources */,
			);
			runOnlyForDeploymentPostprocessing = 0;
		};
		A86F86FC1FB3B827006B388E /* Sources */ = {
			isa = PBXSourcesBuildPhase;
			buildActionMask = 2147483647;
			files = (
				A86F87051FB3B827006B388E /* app04UITests.swift in Sources */,
			);
			runOnlyForDeploymentPostprocessing = 0;
		};
/* End PBXSourcesBuildPhase section */

/* Begin PBXTargetDependency section */
		A86F86F71FB3B827006B388E /* PBXTargetDependency */ = {
			isa = PBXTargetDependency;
			target = A86F86E01FB3B827006B388E /* app04 */;
			targetProxy = A86F86F61FB3B827006B388E /* PBXContainerItemProxy */;
		};
		A86F87021FB3B827006B388E /* PBXTargetDependency */ = {
			isa = PBXTargetDependency;
			target = A86F86E01FB3B827006B388E /* app04 */;
			targetProxy = A86F87011FB3B827006B388E /* PBXContainerItemProxy */;
		};
/* End PBXTargetDependency section */

/* Begin PBXVariantGroup section */
		A86F86E81FB3B827006B388E /* Main.storyboard */ = {
			isa = PBXVariantGroup;
			children = (
				A86F86E91FB3B827006B388E /* Base */,
			);
			name = Main.storyboard;
			sourceTree = "<group>";
		};
		A86F86ED1FB3B827006B388E /* LaunchScreen.storyboard */ = {
			isa = PBXVariantGroup;
			children = (
				A86F86EE1FB3B827006B388E /* Base */,
			);
			name = LaunchScreen.storyboard;
			sourceTree = "<group>";
		};
/* End PBXVariantGroup section */

/* Begin XCBuildConfiguration section */
		A86F87071FB3B827006B388E /* Debug */ = {
			isa = XCBuildConfiguration;
			buildSettings = {
				ALWAYS_SEARCH_USER_PATHS = NO;
				CLANG_ANALYZER_NONNULL = YES;
				CLANG_ANALYZER_NUMBER_OBJECT_CONVERSION = YES_AGGRESSIVE;
				CLANG_CXX_LANGUAGE_STANDARD = "gnu++0x";
				CLANG_CXX_LIBRARY = "libc++";
				CLANG_ENABLE_MODULES = YES;
				CLANG_ENABLE_OBJC_ARC = YES;
				CLANG_WARN_BOOL_CONVERSION = YES;
				CLANG_WARN_CONSTANT_CONVERSION = YES;
				CLANG_WARN_DIRECT_OBJC_ISA_USAGE = YES_ERROR;
				CLANG_WARN_DOCUMENTATION_COMMENTS = YES;
				CLANG_WARN_EMPTY_BODY = YES;
				CLANG_WARN_ENUM_CONVERSION = YES;
				CLANG_WARN_INFINITE_RECURSION = YES;
				CLANG_WARN_INT_CONVERSION = YES;
				CLANG_WARN_OBJC_ROOT_CLASS = YES_ERROR;
				CLANG_WARN_SUSPICIOUS_MOVE = YES;
				CLANG_WARN_UNREACHABLE_CODE = YES;
				CLANG_WARN__DUPLICATE_METHOD_MATCH = YES;
				"CODE_SIGN_IDENTITY[sdk=iphoneos*]" = "iPhone Developer";
				COPY_PHASE_STRIP = NO;
				DEBUG_INFORMATION_FORMAT = dwarf;
				ENABLE_STRICT_OBJC_MSGSEND = YES;
				ENABLE_TESTABILITY = YES;
				GCC_C_LANGUAGE_STANDARD = gnu99;
				GCC_DYNAMIC_NO_PIC = NO;
				GCC_NO_COMMON_BLOCKS = YES;
				GCC_OPTIMIZATION_LEVEL = 0;
				GCC_PREPROCESSOR_DEFINITIONS = (
					"DEBUG=1",
					"$(inherited)",
				);
				GCC_WARN_64_TO_32_BIT_CONVERSION = YES;
				GCC_WARN_ABOUT_RETURN_TYPE = YES_ERROR;
				GCC_WARN_UNDECLARED_SELECTOR = YES;
				GCC_WARN_UNINITIALIZED_AUTOS = YES_AGGRESSIVE;
				GCC_WARN_UNUSED_FUNCTION = YES;
				GCC_WARN_UNUSED_VARIABLE = YES;
				IPHONEOS_DEPLOYMENT_TARGET = 10.3;
				MTL_ENABLE_DEBUG_INFO = YES;
				ONLY_ACTIVE_ARCH = YES;
				SDKROOT = iphoneos;
				SWIFT_ACTIVE_COMPILATION_CONDITIONS = DEBUG;
				SWIFT_OPTIMIZATION_LEVEL = "-Onone";
				TARGETED_DEVICE_FAMILY = "1,2";
			};
			name = Debug;
		};
		A86F87081FB3B827006B388E /* Release */ = {
			isa = XCBuildConfiguration;
			buildSettings = {
				ALWAYS_SEARCH_USER_PATHS = NO;
				CLANG_ANALYZER_NONNULL = YES;
				CLANG_ANALYZER_NUMBER_OBJECT_CONVERSION = YES_AGGRESSIVE;
				CLANG_CXX_LANGUAGE_STANDARD = "gnu++0x";
				CLANG_CXX_LIBRARY = "libc++";
				CLANG_ENABLE_MODULES = YES;
				CLANG_ENABLE_OBJC_ARC = YES;
				CLANG_WARN_BOOL_CONVERSION = YES;
				CLANG_WARN_CONSTANT_CONVERSION = YES;
				CLANG_WARN_DIRECT_OBJC_ISA_USAGE = YES_ERROR;
				CLANG_WARN_DOCUMENTATION_COMMENTS = YES;
				CLANG_WARN_EMPTY_BODY = YES;
				CLANG_WARN_ENUM_CONVERSION = YES;
				CLANG_WARN_INFINITE_RECURSION = YES;
				CLANG_WARN_INT_CONVERSION = YES;
				CLANG_WARN_OBJC_ROOT_CLASS = YES_ERROR;
				CLANG_WARN_SUSPICIOUS_MOVE = YES;
				CLANG_WARN_UNREACHABLE_CODE = YES;
				CLANG_WARN__DUPLICATE_METHOD_MATCH = YES;
				"CODE_SIGN_IDENTITY[sdk=iphoneos*]" = "iPhone Developer";
				COPY_PHASE_STRIP = NO;
				DEBUG_INFORMATION_FORMAT = "dwarf-with-dsym";
				ENABLE_NS_ASSERTIONS = NO;
				ENABLE_STRICT_OBJC_MSGSEND = YES;
				GCC_C_LANGUAGE_STANDARD = gnu99;
				GCC_NO_COMMON_BLOCKS = YES;
				GCC_WARN_64_TO_32_BIT_CONVERSION = YES;
				GCC_WARN_ABOUT_RETURN_TYPE = YES_ERROR;
				GCC_WARN_UNDECLARED_SELECTOR = YES;
				GCC_WARN_UNINITIALIZED_AUTOS = YES_AGGRESSIVE;
				GCC_WARN_UNUSED_FUNCTION = YES;
				GCC_WARN_UNUSED_VARIABLE = YES;
				IPHONEOS_DEPLOYMENT_TARGET = 10.3;
				MTL_ENABLE_DEBUG_INFO = NO;
				SDKROOT = iphoneos;
				SWIFT_OPTIMIZATION_LEVEL = "-Owholemodule";
				TARGETED_DEVICE_FAMILY = "1,2";
				VALIDATE_PRODUCT = YES;
			};
			name = Release;
		};
		A86F870A1FB3B827006B388E /* Debug */ = {
			isa = XCBuildConfiguration;
			buildSettings = {
				ASSETCATALOG_COMPILER_APPICON_NAME = AppIcon;
				INFOPLIST_FILE = app04/Info.plist;
				LD_RUNPATH_SEARCH_PATHS = "$(inherited) @executable_path/Frameworks";
				PRODUCT_BUNDLE_IDENTIFIER = UDLAP.app04;
				PRODUCT_NAME = "$(TARGET_NAME)";
				SWIFT_VERSION = 3.0;
			};
			name = Debug;
		};
		A86F870B1FB3B827006B388E /* Release */ = {
			isa = XCBuildConfiguration;
			buildSettings = {
				ASSETCATALOG_COMPILER_APPICON_NAME = AppIcon;
				INFOPLIST_FILE = app04/Info.plist;
				LD_RUNPATH_SEARCH_PATHS = "$(inherited) @executable_path/Frameworks";
				PRODUCT_BUNDLE_IDENTIFIER = UDLAP.app04;
				PRODUCT_NAME = "$(TARGET_NAME)";
				SWIFT_VERSION = 3.0;
			};
			name = Release;
		};
		A86F870D1FB3B827006B388E /* Debug */ = {
			isa = XCBuildConfiguration;
			buildSettings = {
				ALWAYS_EMBED_SWIFT_STANDARD_LIBRARIES = YES;
				BUNDLE_LOADER = "$(TEST_HOST)";
				INFOPLIST_FILE = app04Tests/Info.plist;
				LD_RUNPATH_SEARCH_PATHS = "$(inherited) @executable_path/Frameworks @loader_path/Frameworks";
				PRODUCT_BUNDLE_IDENTIFIER = UDLAP.app04Tests;
				PRODUCT_NAME = "$(TARGET_NAME)";
				SWIFT_VERSION = 3.0;
				TEST_HOST = "$(BUILT_PRODUCTS_DIR)/app04.app/app04";
			};
			name = Debug;
		};
		A86F870E1FB3B827006B388E /* Release */ = {
			isa = XCBuildConfiguration;
			buildSettings = {
				ALWAYS_EMBED_SWIFT_STANDARD_LIBRARIES = YES;
				BUNDLE_LOADER = "$(TEST_HOST)";
				INFOPLIST_FILE = app04Tests/Info.plist;
				LD_RUNPATH_SEARCH_PATHS = "$(inherited) @executable_path/Frameworks @loader_path/Frameworks";
				PRODUCT_BUNDLE_IDENTIFIER = UDLAP.app04Tests;
				PRODUCT_NAME = "$(TARGET_NAME)";
				SWIFT_VERSION = 3.0;
				TEST_HOST = "$(BUILT_PRODUCTS_DIR)/app04.app/app04";
			};
			name = Release;
		};
		A86F87101FB3B827006B388E /* Debug */ = {
			isa = XCBuildConfiguration;
			buildSettings = {
				ALWAYS_EMBED_SWIFT_STANDARD_LIBRARIES = YES;
				INFOPLIST_FILE = app04UITests/Info.plist;
				LD_RUNPATH_SEARCH_PATHS = "$(inherited) @executable_path/Frameworks @loader_path/Frameworks";
				PRODUCT_BUNDLE_IDENTIFIER = UDLAP.app04UITests;
				PRODUCT_NAME = "$(TARGET_NAME)";
				SWIFT_VERSION = 3.0;
				TEST_TARGET_NAME = app04;
			};
			name = Debug;
		};
		A86F87111FB3B827006B388E /* Release */ = {
			isa = XCBuildConfiguration;
			buildSettings = {
				ALWAYS_EMBED_SWIFT_STANDARD_LIBRARIES = YES;
				INFOPLIST_FILE = app04UITests/Info.plist;
				LD_RUNPATH_SEARCH_PATHS = "$(inherited) @executable_path/Frameworks @loader_path/Frameworks";
				PRODUCT_BUNDLE_IDENTIFIER = UDLAP.app04UITests;
				PRODUCT_NAME = "$(TARGET_NAME)";
				SWIFT_VERSION = 3.0;
				TEST_TARGET_NAME = app04;
			};
			name = Release;
		};
/* End XCBuildConfiguration section */

/* Begin XCConfigurationList section */
		A86F86DC1FB3B827006B388E /* Build configuration list for PBXProject "app04" */ = {
			isa = XCConfigurationList;
			buildConfigurations = (
				A86F87071FB3B827006B388E /* Debug */,
				A86F87081FB3B827006B388E /* Release */,
			);
			defaultConfigurationIsVisible = 0;
			defaultConfigurationName = Release;
		};
		A86F87091FB3B827006B388E /* Build configuration list for PBXNativeTarget "app04" */ = {
			isa = XCConfigurationList;
			buildConfigurations = (
				A86F870A1FB3B827006B388E /* Debug */,
				A86F870B1FB3B827006B388E /* Release */,
			);
			defaultConfigurationIsVisible = 0;
			defaultConfigurationName = Release;
		};
		A86F870C1FB3B827006B388E /* Build configuration list for PBXNativeTarget "app04Tests" */ = {
			isa = XCConfigurationList;
			buildConfigurations = (
				A86F870D1FB3B827006B388E /* Debug */,
				A86F870E1FB3B827006B388E /* Release */,
			);
			defaultConfigurationIsVisible = 0;
			defaultConfigurationName = Release;
		};
		A86F870F1FB3B827006B388E /* Build configuration list for PBXNativeTarget "app04UITests" */ = {
			isa = XCConfigurationList;
			buildConfigurations = (
				A86F87101FB3B827006B388E /* Debug */,
				A86F87111FB3B827006B388E /* Release */,
			);
			defaultConfigurationIsVisible = 0;
			defaultConfigurationName = Release;
		};
/* End XCConfigurationList section */
	};
	rootObject = A86F86D91FB3B827006B388E /* Project object */;
}
